PODS:
  - FBSnapshotTestCase (2.1.4):
    - FBSnapshotTestCase/SwiftSupport (= 2.1.4)
  - FBSnapshotTestCase/Core (2.1.4)
  - FBSnapshotTestCase/SwiftSupport (2.1.4):
    - FBSnapshotTestCase/Core
  - TisComponent (0.1.0)

DEPENDENCIES:
  - FBSnapshotTestCase
  - TisComponent (from `../`)

SPEC REPOS:
  trunk:
    - FBSnapshotTestCase

EXTERNAL SOURCES:
  TisComponent:
    :path: "../"

SPEC CHECKSUMS:
  FBSnapshotTestCase: 094f9f314decbabe373b87cc339bea235a63e07a
  TisComponent: 002be9f45879ac4ee9c8c0d7f677e4671c57a1f0

PODFILE CHECKSUM: 6eee9439f37d45c335c882ea7968da1cad2c6052

COCOAPODS: 1.11.2
