PODS:
  - FBSnapshotTestCase (2.1.4):
    - FBSnapshotTestCase/SwiftSupport (= 2.1.4)
  - FBSnapshotTestCase/Core (2.1.4)
  - FBSnapshotTestCase/SwiftSupport (2.1.4):
    - FBSnapshotTestCase/Core
  - MBProgressHUD (1.0.0)
  - TisComponent (0.1.0)

DEPENDENCIES:
  - FBSnapshotTestCase
  - MBProgressHUD (~> 1.0.0)
  - TisComponent (from `../`)

SPEC REPOS:
  trunk:
    - FBSnapshotTestCase
    - MBProgressHUD

EXTERNAL SOURCES:
  TisComponent:
    :path: "../"

SPEC CHECKSUMS:
  FBSnapshotTestCase: 094f9f314decbabe373b87cc339bea235a63e07a
  MBProgressHUD: 4890f671c94e8a0f3cf959aa731e9de2f036d71a
  TisComponent: e18ee080e2eeeb72ef3f150ccec28e86f3b99825

PODFILE CHECKSUM: dd7acf6e224d59aee715c8ed1c1fe7e1b09dfbab

COCOAPODS: 1.11.2
